// !$*UTF8*$!
{
	archiveVersion = 1;
	classes = {
	};
	objectVersion = 46;
	objects = {

/* Begin PBXBuildFile section */
		4540FA6A1E695D5900302187 /* AppDelegate.swift in Sources */ = {isa = PBXBuildFile; fileRef = 4540FA691E695D5900302187 /* AppDelegate.swift */; };
		4540FA6C1E695D5900302187 /* TasksViewController.swift in Sources */ = {isa = PBXBuildFile; fileRef = 4540FA6B1E695D5900302187 /* TasksViewController.swift */; };
		4540FA6F1E695D5900302187 /* Main.storyboard in Resources */ = {isa = PBXBuildFile; fileRef = 4540FA6D1E695D5900302187 /* Main.storyboard */; };
		4540FA721E695D5900302187 /* DoIt.xcdatamodeld in Sources */ = {isa = PBXBuildFile; fileRef = 4540FA701E695D5900302187 /* DoIt.xcdatamodeld */; };
		4540FA741E695D5900302187 /* Assets.xcassets in Resources */ = {isa = PBXBuildFile; fileRef = 4540FA731E695D5900302187 /* Assets.xcassets */; };
		4540FA771E695D5900302187 /* LaunchScreen.storyboard in Resources */ = {isa = PBXBuildFile; fileRef = 4540FA751E695D5900302187 /* LaunchScreen.storyboard */; };
		4540FA7F1E69605000302187 /* Task.swift in Sources */ = {isa = PBXBuildFile; fileRef = 4540FA7E1E69605000302187 /* Task.swift */; };
		4540FA811E696BBA00302187 /* CreateTaskViewController.swift in Sources */ = {isa = PBXBuildFile; fileRef = 4540FA801E696BBA00302187 /* CreateTaskViewController.swift */; };
		4540FA831E699A2600302187 /* CompleteTaskViewController.swift in Sources */ = {isa = PBXBuildFile; fileRef = 4540FA821E699A2600302187 /* CompleteTaskViewController.swift */; };
/* End PBXBuildFile section */

/* Begin PBXFileReference section */
		4540FA661E695D5900302187 /* DoIt.app */ = {isa = PBXFileReference; explicitFileType = wrapper.application; includeInIndex = 0; path = DoIt.app; sourceTree = BUILT_PRODUCTS_DIR; };
		4540FA691E695D5900302187 /* AppDelegate.swift */ = {isa = PBXFileReference; lastKnownFileType = sourcecode.swift; path = AppDelegate.swift; sourceTree = "<group>"; };
		4540FA6B1E695D5900302187 /* TasksViewController.swift */ = {isa = PBXFileReference; lastKnownFileType = sourcecode.swift; path = TasksViewController.swift; sourceTree = "<group>"; };
		4540FA6E1E695D5900302187 /* Base */ = {isa = PBXFileReference; lastKnownFileType = file.storyboard; name = Base; path = Base.lproj/Main.storyboard; sourceTree = "<group>"; };
		4540FA711E695D5900302187 /* DoIt.xcdatamodel */ = {isa = PBXFileReference; lastKnownFileType = wrapper.xcdatamodel; path = DoIt.xcdatamodel; sourceTree = "<group>"; };
		4540FA731E695D5900302187 /* Assets.xcassets */ = {isa = PBXFileReference; lastKnownFileType = folder.assetcatalog; path = Assets.xcassets; sourceTree = "<group>"; };
		4540FA761E695D5900302187 /* Base */ = {isa = PBXFileReference; lastKnownFileType = file.storyboard; name = Base; path = Base.lproj/LaunchScreen.storyboard; sourceTree = "<group>"; };
		4540FA781E695D5900302187 /* Info.plist */ = {isa = PBXFileReference; lastKnownFileType = text.plist.xml; path = Info.plist; sourceTree = "<group>"; };
		4540FA7E1E69605000302187 /* Task.swift */ = {isa = PBXFileReference; fileEncoding = 4; lastKnownFileType = sourcecode.swift; path = Task.swift; sourceTree = "<group>"; };
		4540FA801E696BBA00302187 /* CreateTaskViewController.swift */ = {isa = PBXFileReference; fileEncoding = 4; lastKnownFileType = sourcecode.swift; path = CreateTaskViewController.swift; sourceTree = "<group>"; };
		4540FA821E699A2600302187 /* CompleteTaskViewController.swift */ = {isa = PBXFileReference; fileEncoding = 4; lastKnownFileType = sourcecode.swift; path = CompleteTaskViewController.swift; sourceTree = "<group>"; };
/* End PBXFileReference section */

/* Begin PBXFrameworksBuildPhase section */
		4540FA631E695D5900302187 /* Frameworks */ = {
			isa = PBXFrameworksBuildPhase;
			buildActionMask = 2147483647;
			files = (
			);
			runOnlyForDeploymentPostprocessing = 0;
		};
/* End PBXFrameworksBuildPhase section */

/* Begin PBXGroup section */
		4540FA5D1E695D5900302187 = {
			isa = PBXGroup;
			children = (
				4540FA681E695D5900302187 /* DoIt */,
				4540FA671E695D5900302187 /* Products */,
			);
			sourceTree = "<group>";
		};
		4540FA671E695D5900302187 /* Products */ = {
			isa = PBXGroup;
			children = (
				4540FA661E695D5900302187 /* DoIt.app */,
			);
			name = Products;
			sourceTree = "<group>";
		};
		4540FA681E695D5900302187 /* DoIt */ = {
			isa = PBXGroup;
			children = (
				4540FA691E695D5900302187 /* AppDelegate.swift */,
				4540FA6B1E695D5900302187 /* TasksViewController.swift */,
				4540FA821E699A2600302187 /* CompleteTaskViewController.swift */,
				4540FA801E696BBA00302187 /* CreateTaskViewController.swift */,
				4540FA7E1E69605000302187 /* Task.swift */,
				4540FA6D1E695D5900302187 /* Main.storyboard */,
				4540FA731E695D5900302187 /* Assets.xcassets */,
				4540FA751E695D5900302187 /* LaunchScreen.storyboard */,
				4540FA781E695D5900302187 /* Info.plist */,
				4540FA701E695D5900302187 /* DoIt.xcdatamodeld */,
			);
			path = DoIt;
			sourceTree = "<group>";
		};
/* End PBXGroup section */

/* Begin PBXNativeTarget section */
		4540FA651E695D5900302187 /* DoIt */ = {
			isa = PBXNativeTarget;
			buildConfigurationList = 4540FA7B1E695D5900302187 /* Build configuration list for PBXNativeTarget "DoIt" */;
			buildPhases = (
				4540FA621E695D5900302187 /* Sources */,
				4540FA631E695D5900302187 /* Frameworks */,
				4540FA641E695D5900302187 /* Resources */,
			);
			buildRules = (
			);
			dependencies = (
			);
			name = DoIt;
			productName = DoIt;
			productReference = 4540FA661E695D5900302187 /* DoIt.app */;
			productType = "com.apple.product-type.application";
		};
/* End PBXNativeTarget section */

/* Begin PBXProject section */
		4540FA5E1E695D5900302187 /* Project object */ = {
			isa = PBXProject;
			attributes = {
				LastSwiftUpdateCheck = 0830;
				LastUpgradeCheck = 0830;
				ORGANIZATIONNAME = "Christian Wasmer";
				TargetAttributes = {
					4540FA651E695D5900302187 = {
						CreatedOnToolsVersion = 8.3;
						ProvisioningStyle = Automatic;
					};
				};
			};
			buildConfigurationList = 4540FA611E695D5900302187 /* Build configuration list for PBXProject "DoIt" */;
			compatibilityVersion = "Xcode 3.2";
			developmentRegion = English;
			hasScannedForEncodings = 0;
			knownRegions = (
				en,
				Base,
			);
			mainGroup = 4540FA5D1E695D5900302187;
			productRefGroup = 4540FA671E695D5900302187 /* Products */;
			projectDirPath = "";
			projectRoot = "";
			targets = (
				4540FA651E695D5900302187 /* DoIt */,
			);
		};
/* End PBXProject section */

/* Begin PBXResourcesBuildPhase section */
		4540FA641E695D5900302187 /* Resources */ = {
			isa = PBXResourcesBuildPhase;
			buildActionMask = 2147483647;
			files = (
				4540FA771E695D5900302187 /* LaunchScreen.storyboard in Resources */,
				4540FA741E695D5900302187 /* Assets.xcassets in Resources */,
				4540FA6F1E695D5900302187 /* Main.storyboard in Resources */,
			);
			runOnlyForDeploymentPostprocessing = 0;
		};
/* End PBXResourcesBuildPhase section */

/* Begin PBXSourcesBuildPhase section */
		4540FA621E695D5900302187 /* Sources */ = {
			isa = PBXSourcesBuildPhase;
			buildActionMask = 2147483647;
			files = (
				4540FA7F1E69605000302187 /* Task.swift in Sources */,
				4540FA721E695D5900302187 /* DoIt.xcdatamodeld in Sources */,
				4540FA831E699A2600302187 /* CompleteTaskViewController.swift in Sources */,
				4540FA6C1E695D5900302187 /* TasksViewController.swift in Sources */,
				4540FA6A1E695D5900302187 /* AppDelegate.swift in Sources */,
				4540FA811E696BBA00302187 /* CreateTaskViewController.swift in Sources */,
			);
			runOnlyForDeploymentPostprocessing = 0;
		};
/* End PBXSourcesBuildPhase section */

/* Begin PBXVariantGroup section */
		4540FA6D1E695D5900302187 /* Main.storyboard */ = {
			isa = PBXVariantGroup;
			children = (
				4540FA6E1E695D5900302187 /* Base */,
			);
			name = Main.storyboard;
			sourceTree = "<group>";
		};
		4540FA751E695D5900302187 /* LaunchScreen.storyboard */ = {
			isa = PBXVariantGroup;
			children = (
				4540FA761E695D5900302187 /* Base */,
			);
			name = LaunchScreen.storyboard;
			sourceTree = "<group>";
		};
/* End PBXVariantGroup section */

/* Begin XCBuildConfiguration section */
		4540FA791E695D5900302187 /* Debug */ = {
			isa = XCBuildConfiguration;
			buildSettings = {
				ALWAYS_SEARCH_USER_PATHS = NO;
				CLANG_ANALYZER_NONNULL = YES;
				CLANG_ANALYZER_NUMBER_OBJECT_CONVERSION = YES_AGGRESSIVE;
				CLANG_CXX_LANGUAGE_STANDARD = "gnu++0x";
				CLANG_CXX_LIBRARY = "libc++";
				CLANG_ENABLE_MODULES = YES;
				CLANG_ENABLE_OBJC_ARC = YES;
				CLANG_WARN_BOOL_CONVERSION = YES;
				CLANG_WARN_CONSTANT_CONVERSION = YES;
				CLANG_WARN_DIRECT_OBJC_ISA_USAGE = YES_ERROR;
				CLANG_WARN_DOCUMENTATION_COMMENTS = YES;
				CLANG_WARN_EMPTY_BODY = YES;
				CLANG_WARN_ENUM_CONVERSION = YES;
				CLANG_WARN_INFINITE_RECURSION = YES;
				CLANG_WARN_INT_CONVERSION = YES;
				CLANG_WARN_OBJC_ROOT_CLASS = YES_ERROR;
				CLANG_WARN_SUSPICIOUS_MOVE = YES;
				CLANG_WARN_UNREACHABLE_CODE = YES;
				CLANG_WARN__DUPLICATE_METHOD_MATCH = YES;
				"CODE_SIGN_IDENTITY[sdk=iphoneos*]" = "iPhone Developer";
				COPY_PHASE_STRIP = NO;
				DEBUG_INFORMATION_FORMAT = dwarf;
				ENABLE_STRICT_OBJC_MSGSEND = YES;
				ENABLE_TESTABILITY = YES;
				GCC_C_LANGUAGE_STANDARD = gnu99;
				GCC_DYNAMIC_NO_PIC = NO;
				GCC_NO_COMMON_BLOCKS = YES;
				GCC_OPTIMIZATION_LEVEL = 0;
				GCC_PREPROCESSOR_DEFINITIONS = (
					"DEBUG=1",
					"$(inherited)",
				);
				GCC_WARN_64_TO_32_BIT_CONVERSION = YES;
				GCC_WARN_ABOUT_RETURN_TYPE = YES_ERROR;
				GCC_WARN_UNDECLARED_SELECTOR = YES;
				GCC_WARN_UNINITIALIZED_AUTOS = YES_AGGRESSIVE;
				GCC_WARN_UNUSED_FUNCTION = YES;
				GCC_WARN_UNUSED_VARIABLE = YES;
				IPHONEOS_DEPLOYMENT_TARGET = 10.3;
				MTL_ENABLE_DEBUG_INFO = YES;
				ONLY_ACTIVE_ARCH = YES;
				SDKROOT = iphoneos;
				SWIFT_ACTIVE_COMPILATION_CONDITIONS = DEBUG;
				SWIFT_OPTIMIZATION_LEVEL = "-Onone";
				TARGETED_DEVICE_FAMILY = "1,2";
			};
			name = Debug;
		};
		4540FA7A1E695D5900302187 /* Release */ = {
			isa = XCBuildConfiguration;
			buildSettings = {
				ALWAYS_SEARCH_USER_PATHS = NO;
				CLANG_ANALYZER_NONNULL = YES;
				CLANG_ANALYZER_NUMBER_OBJECT_CONVERSION = YES_AGGRESSIVE;
				CLANG_CXX_LANGUAGE_STANDARD = "gnu++0x";
				CLANG_CXX_LIBRARY = "libc++";
				CLANG_ENABLE_MODULES = YES;
				CLANG_ENABLE_OBJC_ARC = YES;
				CLANG_WARN_BOOL_CONVERSION = YES;
				CLANG_WARN_CONSTANT_CONVERSION = YES;
				CLANG_WARN_DIRECT_OBJC_ISA_USAGE = YES_ERROR;
				CLANG_WARN_DOCUMENTATION_COMMENTS = YES;
				CLANG_WARN_EMPTY_BODY = YES;
				CLANG_WARN_ENUM_CONVERSION = YES;
				CLANG_WARN_INFINITE_RECURSION = YES;
				CLANG_WARN_INT_CONVERSION = YES;
				CLANG_WARN_OBJC_ROOT_CLASS = YES_ERROR;
				CLANG_WARN_SUSPICIOUS_MOVE = YES;
				CLANG_WARN_UNREACHABLE_CODE = YES;
				CLANG_WARN__DUPLICATE_METHOD_MATCH = YES;
				"CODE_SIGN_IDENTITY[sdk=iphoneos*]" = "iPhone Developer";
				COPY_PHASE_STRIP = NO;
				DEBUG_INFORMATION_FORMAT = "dwarf-with-dsym";
				ENABLE_NS_ASSERTIONS = NO;
				ENABLE_STRICT_OBJC_MSGSEND = YES;
				GCC_C_LANGUAGE_STANDARD = gnu99;
				GCC_NO_COMMON_BLOCKS = YES;
				GCC_WARN_64_TO_32_BIT_CONVERSION = YES;
				GCC_WARN_ABOUT_RETURN_TYPE = YES_ERROR;
				GCC_WARN_UNDECLARED_SELECTOR = YES;
				GCC_WARN_UNINITIALIZED_AUTOS = YES_AGGRESSIVE;
				GCC_WARN_UNUSED_FUNCTION = YES;
				GCC_WARN_UNUSED_VARIABLE = YES;
				IPHONEOS_DEPLOYMENT_TARGET = 10.3;
				MTL_ENABLE_DEBUG_INFO = NO;
				SDKROOT = iphoneos;
				SWIFT_OPTIMIZATION_LEVEL = "-Owholemodule";
				TARGETED_DEVICE_FAMILY = "1,2";
				VALIDATE_PRODUCT = YES;
			};
			name = Release;
		};
		4540FA7C1E695D5900302187 /* Debug */ = {
			isa = XCBuildConfiguration;
			buildSettings = {
				ASSETCATALOG_COMPILER_APPICON_NAME = AppIcon;
				INFOPLIST_FILE = DoIt/Info.plist;
				LD_RUNPATH_SEARCH_PATHS = "$(inherited) @executable_path/Frameworks";
				PRODUCT_BUNDLE_IDENTIFIER = com.wasmer.DoIt;
				PRODUCT_NAME = "$(TARGET_NAME)";
				SWIFT_VERSION = 3.0;
			};
			name = Debug;
		};
		4540FA7D1E695D5900302187 /* Release */ = {
			isa = XCBuildConfiguration;
			buildSettings = {
				ASSETCATALOG_COMPILER_APPICON_NAME = AppIcon;
				INFOPLIST_FILE = DoIt/Info.plist;
				LD_RUNPATH_SEARCH_PATHS = "$(inherited) @executable_path/Frameworks";
				PRODUCT_BUNDLE_IDENTIFIER = com.wasmer.DoIt;
				PRODUCT_NAME = "$(TARGET_NAME)";
				SWIFT_VERSION = 3.0;
			};
			name = Release;
		};
/* End XCBuildConfiguration section */

/* Begin XCConfigurationList section */
		4540FA611E695D5900302187 /* Build configuration list for PBXProject "DoIt" */ = {
			isa = XCConfigurationList;
			buildConfigurations = (
				4540FA791E695D5900302187 /* Debug */,
				4540FA7A1E695D5900302187 /* Release */,
			);
			defaultConfigurationIsVisible = 0;
			defaultConfigurationName = Release;
		};
		4540FA7B1E695D5900302187 /* Build configuration list for PBXNativeTarget "DoIt" */ = {
			isa = XCConfigurationList;
			buildConfigurations = (
				4540FA7C1E695D5900302187 /* Debug */,
				4540FA7D1E695D5900302187 /* Release */,
			);
			defaultConfigurationIsVisible = 0;
		};
/* End XCConfigurationList section */

/* Begin XCVersionGroup section */
		4540FA701E695D5900302187 /* DoIt.xcdatamodeld */ = {
			isa = XCVersionGroup;
			children = (
				4540FA711E695D5900302187 /* DoIt.xcdatamodel */,
			);
			currentVersion = 4540FA711E695D5900302187 /* DoIt.xcdatamodel */;
			path = DoIt.xcdatamodeld;
			sourceTree = "<group>";
			versionGroupType = wrapper.xcdatamodel;
		};
/* End XCVersionGroup section */
	};
	rootObject = 4540FA5E1E695D5900302187 /* Project object */;
}
